
Microsoft Visual Studio Solution File, Format Version 12.00
# Visual Studio Version 17
VisualStudioVersion = 17.5.33516.290
MinimumVisualStudioVersion = 10.0.40219.1
Project("{FAE04EC0-301F-11D3-BF4B-00C04F79EFBC}") = "TestApp2005", "TestApp2005\TestApp2005.csproj", "{0014B9C1-E013-4EF8-9DD5-CAE2C0E0676C}"
EndProject
Global
	GlobalSection(SolutionConfigurationPlatforms) = preSolution
		Debug|Any CPU = Debug|Any CPU
		Release|Any CPU = Release|Any CPU
	EndGlobalSection
	GlobalSection(ProjectConfigurationPlatforms) = postSolution
		{0014B9C1-E013-4EF8-9DD5-CAE2C0E0676C}.Debug|Any CPU.ActiveCfg = Debug|Any CPU
		{0014B9C1-E013-4EF8-9DD5-CAE2C0E0676C}.Debug|Any CPU.Build.0 = Debug|Any CPU
		{0014B9C1-E013-4EF8-9DD5-CAE2C0E0676C}.Release|Any CPU.ActiveCfg = Release|Any CPU
		{0014B9C1-E013-4EF8-9DD5-CAE2C0E0676C}.Release|Any CPU.Build.0 = Release|Any CPU
	EndGlobalSection
	GlobalSection(SolutionProperties) = preSolution
		HideSolutionNode = FALSE
	EndGlobalSection
	GlobalSection(ExtensibilityGlobals) = postSolution
		SolutionGuid = {B0E04E9E-36B6-4E5C-BD34-111960A1827D}
	EndGlobalSection
EndGlobal
